// !$*UTF8*$!
{
	archiveVersion = 1;
	classes = {
	};
	objectVersion = 56;
	objects = {

/* Begin PBXBuildFile section */
		1347581E29250839000D6E1A /* AmericanoChallengeApp.swift in Sources */ = {isa = PBXBuildFile; fileRef = 1347581D29250839000D6E1A /* AmericanoChallengeApp.swift */; };
		1347582029250839000D6E1A /* ContentView.swift in Sources */ = {isa = PBXBuildFile; fileRef = 1347581F29250839000D6E1A /* ContentView.swift */; };
		134758222925083A000D6E1A /* Assets.xcassets in Resources */ = {isa = PBXBuildFile; fileRef = 134758212925083A000D6E1A /* Assets.xcassets */; };
		134758252925083A000D6E1A /* Preview Assets.xcassets in Resources */ = {isa = PBXBuildFile; fileRef = 134758242925083A000D6E1A /* Preview Assets.xcassets */; };
		134758332925116B000D6E1A /* Input.xcdatamodeld in Sources */ = {isa = PBXBuildFile; fileRef = 134758312925116B000D6E1A /* Input.xcdatamodeld */; };
		13475835292512EC000D6E1A /* DataController.swift in Sources */ = {isa = PBXBuildFile; fileRef = 13475834292512EC000D6E1A /* DataController.swift */; };
		13BF8ABB29253EC3001053B2 /* MainView.swift in Sources */ = {isa = PBXBuildFile; fileRef = 13BF8ABA29253EC3001053B2 /* MainView.swift */; };
		13BF8ABD29253EE6001053B2 /* ChartView.swift in Sources */ = {isa = PBXBuildFile; fileRef = 13BF8ABC29253EE6001053B2 /* ChartView.swift */; };
		13BF8ABF2925426E001053B2 /* AccountsView.swift in Sources */ = {isa = PBXBuildFile; fileRef = 13BF8ABE2925426E001053B2 /* AccountsView.swift */; };
		13BF8AE12926263A001053B2 /* RowView.swift in Sources */ = {isa = PBXBuildFile; fileRef = 13BF8AE02926263A001053B2 /* RowView.swift */; };
		13BF8AE529268CBB001053B2 /* AddInputView.swift in Sources */ = {isa = PBXBuildFile; fileRef = 13BF8AE429268CBB001053B2 /* AddInputView.swift */; };
		13BF8AE7292787FF001053B2 /* CategoriesView.swift in Sources */ = {isa = PBXBuildFile; fileRef = 13BF8AE6292787FF001053B2 /* CategoriesView.swift */; };
		13BF8AE929279453001053B2 /* AddCategoryView.swift in Sources */ = {isa = PBXBuildFile; fileRef = 13BF8AE829279453001053B2 /* AddCategoryView.swift */; };
		13BF8AEB292A37E2001053B2 /* AddAccountView.swift in Sources */ = {isa = PBXBuildFile; fileRef = 13BF8AEA292A37E2001053B2 /* AddAccountView.swift */; };
/* End PBXBuildFile section */

/* Begin PBXFileReference section */
		1347581A29250839000D6E1A /* AmericanoChallenge.app */ = {isa = PBXFileReference; explicitFileType = wrapper.application; includeInIndex = 0; path = AmericanoChallenge.app; sourceTree = BUILT_PRODUCTS_DIR; };
		1347581D29250839000D6E1A /* AmericanoChallengeApp.swift */ = {isa = PBXFileReference; lastKnownFileType = sourcecode.swift; path = AmericanoChallengeApp.swift; sourceTree = "<group>"; };
		1347581F29250839000D6E1A /* ContentView.swift */ = {isa = PBXFileReference; lastKnownFileType = sourcecode.swift; path = ContentView.swift; sourceTree = "<group>"; };
		134758212925083A000D6E1A /* Assets.xcassets */ = {isa = PBXFileReference; lastKnownFileType = folder.assetcatalog; path = Assets.xcassets; sourceTree = "<group>"; };
		134758242925083A000D6E1A /* Preview Assets.xcassets */ = {isa = PBXFileReference; lastKnownFileType = folder.assetcatalog; path = "Preview Assets.xcassets"; sourceTree = "<group>"; };
		134758322925116B000D6E1A /* Input.xcdatamodel */ = {isa = PBXFileReference; lastKnownFileType = wrapper.xcdatamodel; path = Input.xcdatamodel; sourceTree = "<group>"; };
		13475834292512EC000D6E1A /* DataController.swift */ = {isa = PBXFileReference; lastKnownFileType = sourcecode.swift; path = DataController.swift; sourceTree = "<group>"; };
		13BF8ABA29253EC3001053B2 /* MainView.swift */ = {isa = PBXFileReference; lastKnownFileType = sourcecode.swift; path = MainView.swift; sourceTree = "<group>"; };
		13BF8ABC29253EE6001053B2 /* ChartView.swift */ = {isa = PBXFileReference; lastKnownFileType = sourcecode.swift; path = ChartView.swift; sourceTree = "<group>"; };
		13BF8ABE2925426E001053B2 /* AccountsView.swift */ = {isa = PBXFileReference; lastKnownFileType = sourcecode.swift; path = AccountsView.swift; sourceTree = "<group>"; };
		13BF8AE02926263A001053B2 /* RowView.swift */ = {isa = PBXFileReference; lastKnownFileType = sourcecode.swift; path = RowView.swift; sourceTree = "<group>"; };
		13BF8AE429268CBB001053B2 /* AddInputView.swift */ = {isa = PBXFileReference; lastKnownFileType = sourcecode.swift; path = AddInputView.swift; sourceTree = "<group>"; };
		13BF8AE6292787FF001053B2 /* CategoriesView.swift */ = {isa = PBXFileReference; lastKnownFileType = sourcecode.swift; path = CategoriesView.swift; sourceTree = "<group>"; };
		13BF8AE829279453001053B2 /* AddCategoryView.swift */ = {isa = PBXFileReference; lastKnownFileType = sourcecode.swift; path = AddCategoryView.swift; sourceTree = "<group>"; };
		13BF8AEA292A37E2001053B2 /* AddAccountView.swift */ = {isa = PBXFileReference; lastKnownFileType = sourcecode.swift; path = AddAccountView.swift; sourceTree = "<group>"; };
/* End PBXFileReference section */

/* Begin PBXFrameworksBuildPhase section */
		1347581729250839000D6E1A /* Frameworks */ = {
			isa = PBXFrameworksBuildPhase;
			buildActionMask = 2147483647;
			files = (
			);
			runOnlyForDeploymentPostprocessing = 0;
		};
/* End PBXFrameworksBuildPhase section */

/* Begin PBXGroup section */
		1347581129250839000D6E1A = {
			isa = PBXGroup;
			children = (
				1347581C29250839000D6E1A /* AmericanoChallenge */,
				1347581B29250839000D6E1A /* Products */,
			);
			sourceTree = "<group>";
		};
		1347581B29250839000D6E1A /* Products */ = {
			isa = PBXGroup;
			children = (
				1347581A29250839000D6E1A /* AmericanoChallenge.app */,
			);
			name = Products;
			sourceTree = "<group>";
		};
		1347581C29250839000D6E1A /* AmericanoChallenge */ = {
			isa = PBXGroup;
			children = (
				1347581D29250839000D6E1A /* AmericanoChallengeApp.swift */,
				13BF8ABA29253EC3001053B2 /* MainView.swift */,
				1347581F29250839000D6E1A /* ContentView.swift */,
				13BF8AE02926263A001053B2 /* RowView.swift */,
				13BF8AE429268CBB001053B2 /* AddInputView.swift */,
				13BF8ABC29253EE6001053B2 /* ChartView.swift */,
				13BF8ABE2925426E001053B2 /* AccountsView.swift */,
				13BF8AEA292A37E2001053B2 /* AddAccountView.swift */,
				13BF8AE6292787FF001053B2 /* CategoriesView.swift */,
				13BF8AE829279453001053B2 /* AddCategoryView.swift */,
				134758312925116B000D6E1A /* Input.xcdatamodeld */,
				13475834292512EC000D6E1A /* DataController.swift */,
				134758212925083A000D6E1A /* Assets.xcassets */,
				134758232925083A000D6E1A /* Preview Content */,
			);
			path = AmericanoChallenge;
			sourceTree = "<group>";
			usesTabs = 0;
		};
		134758232925083A000D6E1A /* Preview Content */ = {
			isa = PBXGroup;
			children = (
				134758242925083A000D6E1A /* Preview Assets.xcassets */,
			);
			path = "Preview Content";
			sourceTree = "<group>";
		};
/* End PBXGroup section */

/* Begin PBXNativeTarget section */
		1347581929250839000D6E1A /* AmericanoChallenge */ = {
			isa = PBXNativeTarget;
			buildConfigurationList = 134758282925083A000D6E1A /* Build configuration list for PBXNativeTarget "AmericanoChallenge" */;
			buildPhases = (
				1347581629250839000D6E1A /* Sources */,
				1347581729250839000D6E1A /* Frameworks */,
				1347581829250839000D6E1A /* Resources */,
			);
			buildRules = (
			);
			dependencies = (
			);
			name = AmericanoChallenge;
			productName = AmericanoChallenge;
			productReference = 1347581A29250839000D6E1A /* AmericanoChallenge.app */;
			productType = "com.apple.product-type.application";
		};
/* End PBXNativeTarget section */

/* Begin PBXProject section */
		1347581229250839000D6E1A /* Project object */ = {
			isa = PBXProject;
			attributes = {
				BuildIndependentTargetsInParallel = 1;
				LastSwiftUpdateCheck = 1400;
				LastUpgradeCheck = 1400;
				TargetAttributes = {
					1347581929250839000D6E1A = {
						CreatedOnToolsVersion = 14.0.1;
					};
				};
			};
			buildConfigurationList = 1347581529250839000D6E1A /* Build configuration list for PBXProject "AmericanoChallenge" */;
			compatibilityVersion = "Xcode 14.0";
			developmentRegion = en;
			hasScannedForEncodings = 0;
			knownRegions = (
				en,
				Base,
			);
			mainGroup = 1347581129250839000D6E1A;
			productRefGroup = 1347581B29250839000D6E1A /* Products */;
			projectDirPath = "";
			projectRoot = "";
			targets = (
				1347581929250839000D6E1A /* AmericanoChallenge */,
			);
		};
/* End PBXProject section */

/* Begin PBXResourcesBuildPhase section */
		1347581829250839000D6E1A /* Resources */ = {
			isa = PBXResourcesBuildPhase;
			buildActionMask = 2147483647;
			files = (
				134758252925083A000D6E1A /* Preview Assets.xcassets in Resources */,
				134758222925083A000D6E1A /* Assets.xcassets in Resources */,
			);
			runOnlyForDeploymentPostprocessing = 0;
		};
/* End PBXResourcesBuildPhase section */

/* Begin PBXSourcesBuildPhase section */
		1347581629250839000D6E1A /* Sources */ = {
			isa = PBXSourcesBuildPhase;
			buildActionMask = 2147483647;
			files = (
				134758332925116B000D6E1A /* Input.xcdatamodeld in Sources */,
				13BF8AE529268CBB001053B2 /* AddInputView.swift in Sources */,
				13475835292512EC000D6E1A /* DataController.swift in Sources */,
				1347582029250839000D6E1A /* ContentView.swift in Sources */,
				13BF8AE12926263A001053B2 /* RowView.swift in Sources */,
				13BF8ABB29253EC3001053B2 /* MainView.swift in Sources */,
				13BF8ABF2925426E001053B2 /* AccountsView.swift in Sources */,
				13BF8AE7292787FF001053B2 /* CategoriesView.swift in Sources */,
				13BF8AEB292A37E2001053B2 /* AddAccountView.swift in Sources */,
				1347581E29250839000D6E1A /* AmericanoChallengeApp.swift in Sources */,
				13BF8AE929279453001053B2 /* AddCategoryView.swift in Sources */,
				13BF8ABD29253EE6001053B2 /* ChartView.swift in Sources */,
			);
			runOnlyForDeploymentPostprocessing = 0;
		};
/* End PBXSourcesBuildPhase section */

/* Begin XCBuildConfiguration section */
		134758262925083A000D6E1A /* Debug */ = {
			isa = XCBuildConfiguration;
			buildSettings = {
				ALWAYS_SEARCH_USER_PATHS = NO;
				CLANG_ANALYZER_NONNULL = YES;
				CLANG_ANALYZER_NUMBER_OBJECT_CONVERSION = YES_AGGRESSIVE;
				CLANG_CXX_LANGUAGE_STANDARD = "gnu++20";
				CLANG_ENABLE_MODULES = YES;
				CLANG_ENABLE_OBJC_ARC = YES;
				CLANG_ENABLE_OBJC_WEAK = YES;
				CLANG_WARN_BLOCK_CAPTURE_AUTORELEASING = YES;
				CLANG_WARN_BOOL_CONVERSION = YES;
				CLANG_WARN_COMMA = YES;
				CLANG_WARN_CONSTANT_CONVERSION = YES;
				CLANG_WARN_DEPRECATED_OBJC_IMPLEMENTATIONS = YES;
				CLANG_WARN_DIRECT_OBJC_ISA_USAGE = YES_ERROR;
				CLANG_WARN_DOCUMENTATION_COMMENTS = YES;
				CLANG_WARN_EMPTY_BODY = YES;
				CLANG_WARN_ENUM_CONVERSION = YES;
				CLANG_WARN_INFINITE_RECURSION = YES;
				CLANG_WARN_INT_CONVERSION = YES;
				CLANG_WARN_NON_LITERAL_NULL_CONVERSION = YES;
				CLANG_WARN_OBJC_IMPLICIT_RETAIN_SELF = YES;
				CLANG_WARN_OBJC_LITERAL_CONVERSION = YES;
				CLANG_WARN_OBJC_ROOT_CLASS = YES_ERROR;
				CLANG_WARN_QUOTED_INCLUDE_IN_FRAMEWORK_HEADER = YES;
				CLANG_WARN_RANGE_LOOP_ANALYSIS = YES;
				CLANG_WARN_STRICT_PROTOTYPES = YES;
				CLANG_WARN_SUSPICIOUS_MOVE = YES;
				CLANG_WARN_UNGUARDED_AVAILABILITY = YES_AGGRESSIVE;
				CLANG_WARN_UNREACHABLE_CODE = YES;
				CLANG_WARN__DUPLICATE_METHOD_MATCH = YES;
				COPY_PHASE_STRIP = NO;
				DEBUG_INFORMATION_FORMAT = dwarf;
				ENABLE_STRICT_OBJC_MSGSEND = YES;
				ENABLE_TESTABILITY = YES;
				GCC_C_LANGUAGE_STANDARD = gnu11;
				GCC_DYNAMIC_NO_PIC = NO;
				GCC_NO_COMMON_BLOCKS = YES;
				GCC_OPTIMIZATION_LEVEL = 0;
				GCC_PREPROCESSOR_DEFINITIONS = (
					"DEBUG=1",
					"$(inherited)",
				);
				GCC_WARN_64_TO_32_BIT_CONVERSION = YES;
				GCC_WARN_ABOUT_RETURN_TYPE = YES_ERROR;
				GCC_WARN_UNDECLARED_SELECTOR = YES;
				GCC_WARN_UNINITIALIZED_AUTOS = YES_AGGRESSIVE;
				GCC_WARN_UNUSED_FUNCTION = YES;
				GCC_WARN_UNUSED_VARIABLE = YES;
				IPHONEOS_DEPLOYMENT_TARGET = 16.0;
				MTL_ENABLE_DEBUG_INFO = INCLUDE_SOURCE;
				MTL_FAST_MATH = YES;
				ONLY_ACTIVE_ARCH = YES;
				SDKROOT = iphoneos;
				SWIFT_ACTIVE_COMPILATION_CONDITIONS = DEBUG;
				SWIFT_OPTIMIZATION_LEVEL = "-Onone";
			};
			name = Debug;
		};
		134758272925083A000D6E1A /* Release */ = {
			isa = XCBuildConfiguration;
			buildSettings = {
				ALWAYS_SEARCH_USER_PATHS = NO;
				CLANG_ANALYZER_NONNULL = YES;
				CLANG_ANALYZER_NUMBER_OBJECT_CONVERSION = YES_AGGRESSIVE;
				CLANG_CXX_LANGUAGE_STANDARD = "gnu++20";
				CLANG_ENABLE_MODULES = YES;
				CLANG_ENABLE_OBJC_ARC = YES;
				CLANG_ENABLE_OBJC_WEAK = YES;
				CLANG_WARN_BLOCK_CAPTURE_AUTORELEASING = YES;
				CLANG_WARN_BOOL_CONVERSION = YES;
				CLANG_WARN_COMMA = YES;
				CLANG_WARN_CONSTANT_CONVERSION = YES;
				CLANG_WARN_DEPRECATED_OBJC_IMPLEMENTATIONS = YES;
				CLANG_WARN_DIRECT_OBJC_ISA_USAGE = YES_ERROR;
				CLANG_WARN_DOCUMENTATION_COMMENTS = YES;
				CLANG_WARN_EMPTY_BODY = YES;
				CLANG_WARN_ENUM_CONVERSION = YES;
				CLANG_WARN_INFINITE_RECURSION = YES;
				CLANG_WARN_INT_CONVERSION = YES;
				CLANG_WARN_NON_LITERAL_NULL_CONVERSION = YES;
				CLANG_WARN_OBJC_IMPLICIT_RETAIN_SELF = YES;
				CLANG_WARN_OBJC_LITERAL_CONVERSION = YES;
				CLANG_WARN_OBJC_ROOT_CLASS = YES_ERROR;
				CLANG_WARN_QUOTED_INCLUDE_IN_FRAMEWORK_HEADER = YES;
				CLANG_WARN_RANGE_LOOP_ANALYSIS = YES;
				CLANG_WARN_STRICT_PROTOTYPES = YES;
				CLANG_WARN_SUSPICIOUS_MOVE = YES;
				CLANG_WARN_UNGUARDED_AVAILABILITY = YES_AGGRESSIVE;
				CLANG_WARN_UNREACHABLE_CODE = YES;
				CLANG_WARN__DUPLICATE_METHOD_MATCH = YES;
				COPY_PHASE_STRIP = NO;
				DEBUG_INFORMATION_FORMAT = "dwarf-with-dsym";
				ENABLE_NS_ASSERTIONS = NO;
				ENABLE_STRICT_OBJC_MSGSEND = YES;
				GCC_C_LANGUAGE_STANDARD = gnu11;
				GCC_NO_COMMON_BLOCKS = YES;
				GCC_WARN_64_TO_32_BIT_CONVERSION = YES;
				GCC_WARN_ABOUT_RETURN_TYPE = YES_ERROR;
				GCC_WARN_UNDECLARED_SELECTOR = YES;
				GCC_WARN_UNINITIALIZED_AUTOS = YES_AGGRESSIVE;
				GCC_WARN_UNUSED_FUNCTION = YES;
				GCC_WARN_UNUSED_VARIABLE = YES;
				IPHONEOS_DEPLOYMENT_TARGET = 16.0;
				MTL_ENABLE_DEBUG_INFO = NO;
				MTL_FAST_MATH = YES;
				SDKROOT = iphoneos;
				SWIFT_COMPILATION_MODE = wholemodule;
				SWIFT_OPTIMIZATION_LEVEL = "-O";
				VALIDATE_PRODUCT = YES;
			};
			name = Release;
		};
		134758292925083A000D6E1A /* Debug */ = {
			isa = XCBuildConfiguration;
			buildSettings = {
				ASSETCATALOG_COMPILER_APPICON_NAME = AppIcon;
				ASSETCATALOG_COMPILER_GLOBAL_ACCENT_COLOR_NAME = AccentColor;
				CODE_SIGN_STYLE = Automatic;
				CURRENT_PROJECT_VERSION = 1;
				DEVELOPMENT_ASSET_PATHS = "\"AmericanoChallenge/Preview Content\"";
				DEVELOPMENT_TEAM = 3523U23689;
				ENABLE_PREVIEWS = YES;
				GENERATE_INFOPLIST_FILE = YES;
				INFOPLIST_KEY_UIApplicationSceneManifest_Generation = YES;
				INFOPLIST_KEY_UIApplicationSupportsIndirectInputEvents = YES;
				INFOPLIST_KEY_UILaunchScreen_Generation = YES;
				INFOPLIST_KEY_UISupportedInterfaceOrientations_iPad = "UIInterfaceOrientationPortrait UIInterfaceOrientationPortraitUpsideDown UIInterfaceOrientationLandscapeLeft UIInterfaceOrientationLandscapeRight";
				INFOPLIST_KEY_UISupportedInterfaceOrientations_iPhone = "UIInterfaceOrientationPortrait UIInterfaceOrientationLandscapeLeft UIInterfaceOrientationLandscapeRight";
				LD_RUNPATH_SEARCH_PATHS = (
					"$(inherited)",
					"@executable_path/Frameworks",
				);
				MARKETING_VERSION = 1.0;
				PRODUCT_BUNDLE_IDENTIFIER = slavny1.AmericanoChallenge;
				PRODUCT_NAME = "$(TARGET_NAME)";
				SWIFT_EMIT_LOC_STRINGS = YES;
				SWIFT_VERSION = 5.0;
				TARGETED_DEVICE_FAMILY = "1,2";
			};
			name = Debug;
		};
		1347582A2925083A000D6E1A /* Release */ = {
			isa = XCBuildConfiguration;
			buildSettings = {
				ASSETCATALOG_COMPILER_APPICON_NAME = AppIcon;
				ASSETCATALOG_COMPILER_GLOBAL_ACCENT_COLOR_NAME = AccentColor;
				CODE_SIGN_STYLE = Automatic;
				CURRENT_PROJECT_VERSION = 1;
				DEVELOPMENT_ASSET_PATHS = "\"AmericanoChallenge/Preview Content\"";
				DEVELOPMENT_TEAM = 3523U23689;
				ENABLE_PREVIEWS = YES;
				GENERATE_INFOPLIST_FILE = YES;
				INFOPLIST_KEY_UIApplicationSceneManifest_Generation = YES;
				INFOPLIST_KEY_UIApplicationSupportsIndirectInputEvents = YES;
				INFOPLIST_KEY_UILaunchScreen_Generation = YES;
				INFOPLIST_KEY_UISupportedInterfaceOrientations_iPad = "UIInterfaceOrientationPortrait UIInterfaceOrientationPortraitUpsideDown UIInterfaceOrientationLandscapeLeft UIInterfaceOrientationLandscapeRight";
				INFOPLIST_KEY_UISupportedInterfaceOrientations_iPhone = "UIInterfaceOrientationPortrait UIInterfaceOrientationLandscapeLeft UIInterfaceOrientationLandscapeRight";
				LD_RUNPATH_SEARCH_PATHS = (
					"$(inherited)",
					"@executable_path/Frameworks",
				);
				MARKETING_VERSION = 1.0;
				PRODUCT_BUNDLE_IDENTIFIER = slavny1.AmericanoChallenge;
				PRODUCT_NAME = "$(TARGET_NAME)";
				SWIFT_EMIT_LOC_STRINGS = YES;
				SWIFT_VERSION = 5.0;
				TARGETED_DEVICE_FAMILY = "1,2";
			};
			name = Release;
		};
/* End XCBuildConfiguration section */

/* Begin XCConfigurationList section */
		1347581529250839000D6E1A /* Build configuration list for PBXProject "AmericanoChallenge" */ = {
			isa = XCConfigurationList;
			buildConfigurations = (
				134758262925083A000D6E1A /* Debug */,
				134758272925083A000D6E1A /* Release */,
			);
			defaultConfigurationIsVisible = 0;
			defaultConfigurationName = Release;
		};
		134758282925083A000D6E1A /* Build configuration list for PBXNativeTarget "AmericanoChallenge" */ = {
			isa = XCConfigurationList;
			buildConfigurations = (
				134758292925083A000D6E1A /* Debug */,
				1347582A2925083A000D6E1A /* Release */,
			);
			defaultConfigurationIsVisible = 0;
			defaultConfigurationName = Release;
		};
/* End XCConfigurationList section */

/* Begin XCVersionGroup section */
		134758312925116B000D6E1A /* Input.xcdatamodeld */ = {
			isa = XCVersionGroup;
			children = (
				134758322925116B000D6E1A /* Input.xcdatamodel */,
			);
			currentVersion = 134758322925116B000D6E1A /* Input.xcdatamodel */;
			path = Input.xcdatamodeld;
			sourceTree = "<group>";
			versionGroupType = wrapper.xcdatamodel;
		};
/* End XCVersionGroup section */
	};
	rootObject = 1347581229250839000D6E1A /* Project object */;
}
